// !$*UTF8*$!
{
	archiveVersion = 1;
	classes = {
	};
	objectVersion = 56;
	objects = {

/* Begin PBXBuildFile section */
		7446D9CD2B18596E00A6624A /* AppDelegate.swift in Sources */ = {isa = PBXBuildFile; fileRef = 7446D9CC2B18596E00A6624A /* AppDelegate.swift */; };
		7446D9CF2B18596E00A6624A /* SceneDelegate.swift in Sources */ = {isa = PBXBuildFile; fileRef = 7446D9CE2B18596E00A6624A /* SceneDelegate.swift */; };
		7446D9D12B18596E00A6624A /* ViewController.swift in Sources */ = {isa = PBXBuildFile; fileRef = 7446D9D02B18596E00A6624A /* ViewController.swift */; };
		7446D9D42B18596E00A6624A /* Main.storyboard in Resources */ = {isa = PBXBuildFile; fileRef = 7446D9D22B18596E00A6624A /* Main.storyboard */; };
		7446D9D62B18597100A6624A /* Assets.xcassets in Resources */ = {isa = PBXBuildFile; fileRef = 7446D9D52B18597100A6624A /* Assets.xcassets */; };
		7446D9D92B18597100A6624A /* LaunchScreen.storyboard in Resources */ = {isa = PBXBuildFile; fileRef = 7446D9D72B18597100A6624A /* LaunchScreen.storyboard */; };
		747C457E2B18A60800C5EB5C /* PriceWiseVC.swift in Sources */ = {isa = PBXBuildFile; fileRef = 747C457D2B18A60800C5EB5C /* PriceWiseVC.swift */; };
		747C45812B18A6E000C5EB5C /* ViewModels.swift in Sources */ = {isa = PBXBuildFile; fileRef = 747C45802B18A6E000C5EB5C /* ViewModels.swift */; };
		747C45832B18A71E00C5EB5C /* Models.swift in Sources */ = {isa = PBXBuildFile; fileRef = 747C45822B18A71E00C5EB5C /* Models.swift */; };
		747C45852B18A75000C5EB5C /* Extensions.swift in Sources */ = {isa = PBXBuildFile; fileRef = 747C45842B18A75000C5EB5C /* Extensions.swift */; };
		EB7CF0C72B1862FA003929B8 /* Secondpage.swift in Sources */ = {isa = PBXBuildFile; fileRef = EB7CF0C62B1862FA003929B8 /* Secondpage.swift */; };
		EB7CF0CA2B187968003929B8 /* FirebaseAnalytics in Frameworks */ = {isa = PBXBuildFile; productRef = EB7CF0C92B187968003929B8 /* FirebaseAnalytics */; };
		EB7CF0CC2B187968003929B8 /* FirebaseAnalyticsOnDeviceConversion in Frameworks */ = {isa = PBXBuildFile; productRef = EB7CF0CB2B187968003929B8 /* FirebaseAnalyticsOnDeviceConversion */; };
		EB7CF0CE2B187968003929B8 /* FirebaseAnalyticsSwift in Frameworks */ = {isa = PBXBuildFile; productRef = EB7CF0CD2B187968003929B8 /* FirebaseAnalyticsSwift */; };
		EB7CF0D02B187968003929B8 /* FirebaseAnalyticsWithoutAdIdSupport in Frameworks */ = {isa = PBXBuildFile; productRef = EB7CF0CF2B187968003929B8 /* FirebaseAnalyticsWithoutAdIdSupport */; };
		EB7CF0D22B187968003929B8 /* FirebaseAppCheck in Frameworks */ = {isa = PBXBuildFile; productRef = EB7CF0D12B187968003929B8 /* FirebaseAppCheck */; };
		EB7CF0D42B187968003929B8 /* FirebaseAppDistribution-Beta in Frameworks */ = {isa = PBXBuildFile; productRef = EB7CF0D32B187968003929B8 /* FirebaseAppDistribution-Beta */; };
		EB7CF0D62B187968003929B8 /* FirebaseAuth in Frameworks */ = {isa = PBXBuildFile; productRef = EB7CF0D52B187968003929B8 /* FirebaseAuth */; };
		EB7CF0D82B187968003929B8 /* FirebaseAuthCombine-Community in Frameworks */ = {isa = PBXBuildFile; productRef = EB7CF0D72B187968003929B8 /* FirebaseAuthCombine-Community */; };
		EB7CF0DA2B187968003929B8 /* FirebaseCrashlytics in Frameworks */ = {isa = PBXBuildFile; productRef = EB7CF0D92B187968003929B8 /* FirebaseCrashlytics */; };
		EB7CF0DC2B187968003929B8 /* FirebaseDatabase in Frameworks */ = {isa = PBXBuildFile; productRef = EB7CF0DB2B187968003929B8 /* FirebaseDatabase */; };
		EB7CF0DE2B187968003929B8 /* FirebaseDatabaseSwift in Frameworks */ = {isa = PBXBuildFile; productRef = EB7CF0DD2B187968003929B8 /* FirebaseDatabaseSwift */; };
		EB7CF0E02B187968003929B8 /* FirebaseDynamicLinks in Frameworks */ = {isa = PBXBuildFile; productRef = EB7CF0DF2B187968003929B8 /* FirebaseDynamicLinks */; };
		EB7CF0E22B187968003929B8 /* FirebaseFirestore in Frameworks */ = {isa = PBXBuildFile; productRef = EB7CF0E12B187968003929B8 /* FirebaseFirestore */; };
		EB7CF0E42B187968003929B8 /* FirebaseFirestoreCombine-Community in Frameworks */ = {isa = PBXBuildFile; productRef = EB7CF0E32B187968003929B8 /* FirebaseFirestoreCombine-Community */; };
		EB7CF0E62B187968003929B8 /* FirebaseFirestoreSwift in Frameworks */ = {isa = PBXBuildFile; productRef = EB7CF0E52B187968003929B8 /* FirebaseFirestoreSwift */; };
		EB7CF0E82B187968003929B8 /* FirebaseFunctions in Frameworks */ = {isa = PBXBuildFile; productRef = EB7CF0E72B187968003929B8 /* FirebaseFunctions */; };
		EB7CF0EA2B187968003929B8 /* FirebaseFunctionsCombine-Community in Frameworks */ = {isa = PBXBuildFile; productRef = EB7CF0E92B187968003929B8 /* FirebaseFunctionsCombine-Community */; };
		EB7CF0EC2B187968003929B8 /* FirebaseInAppMessaging-Beta in Frameworks */ = {isa = PBXBuildFile; productRef = EB7CF0EB2B187968003929B8 /* FirebaseInAppMessaging-Beta */; };
		EB7CF0EE2B187968003929B8 /* FirebaseInAppMessagingSwift-Beta in Frameworks */ = {isa = PBXBuildFile; productRef = EB7CF0ED2B187968003929B8 /* FirebaseInAppMessagingSwift-Beta */; };
		EB7CF0F02B187968003929B8 /* FirebaseInstallations in Frameworks */ = {isa = PBXBuildFile; productRef = EB7CF0EF2B187968003929B8 /* FirebaseInstallations */; };
		EB7CF0F22B187968003929B8 /* FirebaseMLModelDownloader in Frameworks */ = {isa = PBXBuildFile; productRef = EB7CF0F12B187968003929B8 /* FirebaseMLModelDownloader */; };
		EB7CF0F42B187968003929B8 /* FirebaseMessaging in Frameworks */ = {isa = PBXBuildFile; productRef = EB7CF0F32B187968003929B8 /* FirebaseMessaging */; };
		EB7CF0F62B187968003929B8 /* FirebasePerformance in Frameworks */ = {isa = PBXBuildFile; productRef = EB7CF0F52B187968003929B8 /* FirebasePerformance */; };
		EB7CF0F82B187968003929B8 /* FirebaseRemoteConfig in Frameworks */ = {isa = PBXBuildFile; productRef = EB7CF0F72B187968003929B8 /* FirebaseRemoteConfig */; };
		EB7CF0FA2B187968003929B8 /* FirebaseRemoteConfigSwift in Frameworks */ = {isa = PBXBuildFile; productRef = EB7CF0F92B187968003929B8 /* FirebaseRemoteConfigSwift */; };
		EB7CF0FC2B187968003929B8 /* FirebaseStorage in Frameworks */ = {isa = PBXBuildFile; productRef = EB7CF0FB2B187968003929B8 /* FirebaseStorage */; };
		EB7CF0FE2B187968003929B8 /* FirebaseStorageCombine-Community in Frameworks */ = {isa = PBXBuildFile; productRef = EB7CF0FD2B187968003929B8 /* FirebaseStorageCombine-Community */; };
		EB7CF1002B187BA2003929B8 /* GoogleService-Info.plist in Resources */ = {isa = PBXBuildFile; fileRef = EB7CF0FF2B187BA2003929B8 /* GoogleService-Info.plist */; };
/* End PBXBuildFile section */

/* Begin PBXFileReference section */
		7446D9C92B18596E00A6624A /* PriceWise.app */ = {isa = PBXFileReference; explicitFileType = wrapper.application; includeInIndex = 0; path = PriceWise.app; sourceTree = BUILT_PRODUCTS_DIR; };
		7446D9CC2B18596E00A6624A /* AppDelegate.swift */ = {isa = PBXFileReference; lastKnownFileType = sourcecode.swift; path = AppDelegate.swift; sourceTree = "<group>"; };
		7446D9CE2B18596E00A6624A /* SceneDelegate.swift */ = {isa = PBXFileReference; lastKnownFileType = sourcecode.swift; path = SceneDelegate.swift; sourceTree = "<group>"; };
		7446D9D02B18596E00A6624A /* ViewController.swift */ = {isa = PBXFileReference; lastKnownFileType = sourcecode.swift; path = ViewController.swift; sourceTree = "<group>"; };
		7446D9D32B18596E00A6624A /* Base */ = {isa = PBXFileReference; lastKnownFileType = file.storyboard; name = Base; path = Base.lproj/Main.storyboard; sourceTree = "<group>"; };
		7446D9D52B18597100A6624A /* Assets.xcassets */ = {isa = PBXFileReference; lastKnownFileType = folder.assetcatalog; path = Assets.xcassets; sourceTree = "<group>"; };
		7446D9D82B18597100A6624A /* Base */ = {isa = PBXFileReference; lastKnownFileType = file.storyboard; name = Base; path = Base.lproj/LaunchScreen.storyboard; sourceTree = "<group>"; };
		7446D9DA2B18597100A6624A /* Info.plist */ = {isa = PBXFileReference; lastKnownFileType = text.plist.xml; path = Info.plist; sourceTree = "<group>"; };
		747C457D2B18A60800C5EB5C /* PriceWiseVC.swift */ = {isa = PBXFileReference; lastKnownFileType = sourcecode.swift; path = PriceWiseVC.swift; sourceTree = "<group>"; };
		747C45802B18A6E000C5EB5C /* ViewModels.swift */ = {isa = PBXFileReference; lastKnownFileType = sourcecode.swift; path = ViewModels.swift; sourceTree = "<group>"; };
		747C45822B18A71E00C5EB5C /* Models.swift */ = {isa = PBXFileReference; lastKnownFileType = sourcecode.swift; path = Models.swift; sourceTree = "<group>"; };
		747C45842B18A75000C5EB5C /* Extensions.swift */ = {isa = PBXFileReference; lastKnownFileType = sourcecode.swift; path = Extensions.swift; sourceTree = "<group>"; };
		EB7CF0C62B1862FA003929B8 /* Secondpage.swift */ = {isa = PBXFileReference; lastKnownFileType = sourcecode.swift; path = Secondpage.swift; sourceTree = "<group>"; };
		EB7CF0FF2B187BA2003929B8 /* GoogleService-Info.plist */ = {isa = PBXFileReference; fileEncoding = 4; lastKnownFileType = text.plist.xml; path = "GoogleService-Info.plist"; sourceTree = "<group>"; };
/* End PBXFileReference section */

/* Begin PBXFrameworksBuildPhase section */
		7446D9C62B18596E00A6624A /* Frameworks */ = {
			isa = PBXFrameworksBuildPhase;
			buildActionMask = 2147483647;
			files = (
				EB7CF0DC2B187968003929B8 /* FirebaseDatabase in Frameworks */,
				EB7CF0EA2B187968003929B8 /* FirebaseFunctionsCombine-Community in Frameworks */,
				EB7CF0E22B187968003929B8 /* FirebaseFirestore in Frameworks */,
				EB7CF0CE2B187968003929B8 /* FirebaseAnalyticsSwift in Frameworks */,
				EB7CF0CA2B187968003929B8 /* FirebaseAnalytics in Frameworks */,
				EB7CF0CC2B187968003929B8 /* FirebaseAnalyticsOnDeviceConversion in Frameworks */,
				EB7CF0F22B187968003929B8 /* FirebaseMLModelDownloader in Frameworks */,
				EB7CF0E62B187968003929B8 /* FirebaseFirestoreSwift in Frameworks */,
				EB7CF0D22B187968003929B8 /* FirebaseAppCheck in Frameworks */,
				EB7CF0D02B187968003929B8 /* FirebaseAnalyticsWithoutAdIdSupport in Frameworks */,
				EB7CF0D62B187968003929B8 /* FirebaseAuth in Frameworks */,
				EB7CF0DA2B187968003929B8 /* FirebaseCrashlytics in Frameworks */,
				EB7CF0FA2B187968003929B8 /* FirebaseRemoteConfigSwift in Frameworks */,
				EB7CF0EC2B187968003929B8 /* FirebaseInAppMessaging-Beta in Frameworks */,
				EB7CF0DE2B187968003929B8 /* FirebaseDatabaseSwift in Frameworks */,
				EB7CF0E82B187968003929B8 /* FirebaseFunctions in Frameworks */,
				EB7CF0FE2B187968003929B8 /* FirebaseStorageCombine-Community in Frameworks */,
				EB7CF0F82B187968003929B8 /* FirebaseRemoteConfig in Frameworks */,
				EB7CF0D42B187968003929B8 /* FirebaseAppDistribution-Beta in Frameworks */,
				EB7CF0D82B187968003929B8 /* FirebaseAuthCombine-Community in Frameworks */,
				EB7CF0F62B187968003929B8 /* FirebasePerformance in Frameworks */,
				EB7CF0EE2B187968003929B8 /* FirebaseInAppMessagingSwift-Beta in Frameworks */,
				EB7CF0FC2B187968003929B8 /* FirebaseStorage in Frameworks */,
				EB7CF0E02B187968003929B8 /* FirebaseDynamicLinks in Frameworks */,
				EB7CF0E42B187968003929B8 /* FirebaseFirestoreCombine-Community in Frameworks */,
				EB7CF0F42B187968003929B8 /* FirebaseMessaging in Frameworks */,
				EB7CF0F02B187968003929B8 /* FirebaseInstallations in Frameworks */,
			);
			runOnlyForDeploymentPostprocessing = 0;
		};
/* End PBXFrameworksBuildPhase section */

/* Begin PBXGroup section */
		7446D9C02B18596E00A6624A = {
			isa = PBXGroup;
			children = (
				7446D9CB2B18596E00A6624A /* PriceWise */,
				7446D9CA2B18596E00A6624A /* Products */,
			);
			sourceTree = "<group>";
		};
		7446D9CA2B18596E00A6624A /* Products */ = {
			isa = PBXGroup;
			children = (
				7446D9C92B18596E00A6624A /* PriceWise.app */,
			);
			name = Products;
			sourceTree = "<group>";
		};
		7446D9CB2B18596E00A6624A /* PriceWise */ = {
			isa = PBXGroup;
			children = (
				747C457F2B18A60F00C5EB5C /* ViewControllers */,
				7446D9CC2B18596E00A6624A /* AppDelegate.swift */,
				7446D9CE2B18596E00A6624A /* SceneDelegate.swift */,
				7446D9D02B18596E00A6624A /* ViewController.swift */,
				747C45822B18A71E00C5EB5C /* Models.swift */,
				747C45802B18A6E000C5EB5C /* ViewModels.swift */,
				747C45842B18A75000C5EB5C /* Extensions.swift */,
				7446D9D22B18596E00A6624A /* Main.storyboard */,
				7446D9D52B18597100A6624A /* Assets.xcassets */,
				EB7CF0FF2B187BA2003929B8 /* GoogleService-Info.plist */,
				7446D9D72B18597100A6624A /* LaunchScreen.storyboard */,
				7446D9DA2B18597100A6624A /* Info.plist */,
				EB7CF0C62B1862FA003929B8 /* Secondpage.swift */,
			);
			path = PriceWise;
			sourceTree = "<group>";
		};
		747C457F2B18A60F00C5EB5C /* ViewControllers */ = {
			isa = PBXGroup;
			children = (
				747C457D2B18A60800C5EB5C /* PriceWiseVC.swift */,
			);
			path = ViewControllers;
			sourceTree = "<group>";
		};
/* End PBXGroup section */

/* Begin PBXNativeTarget section */
		7446D9C82B18596E00A6624A /* PriceWise */ = {
			isa = PBXNativeTarget;
			buildConfigurationList = 7446D9DD2B18597100A6624A /* Build configuration list for PBXNativeTarget "PriceWise" */;
			buildPhases = (
				7446D9C52B18596E00A6624A /* Sources */,
				7446D9C62B18596E00A6624A /* Frameworks */,
				7446D9C72B18596E00A6624A /* Resources */,
			);
			buildRules = (
			);
			dependencies = (
			);
			name = PriceWise;
			packageProductDependencies = (
				EB7CF0C92B187968003929B8 /* FirebaseAnalytics */,
				EB7CF0CB2B187968003929B8 /* FirebaseAnalyticsOnDeviceConversion */,
				EB7CF0CD2B187968003929B8 /* FirebaseAnalyticsSwift */,
				EB7CF0CF2B187968003929B8 /* FirebaseAnalyticsWithoutAdIdSupport */,
				EB7CF0D12B187968003929B8 /* FirebaseAppCheck */,
				EB7CF0D32B187968003929B8 /* FirebaseAppDistribution-Beta */,
				EB7CF0D52B187968003929B8 /* FirebaseAuth */,
				EB7CF0D72B187968003929B8 /* FirebaseAuthCombine-Community */,
				EB7CF0D92B187968003929B8 /* FirebaseCrashlytics */,
				EB7CF0DB2B187968003929B8 /* FirebaseDatabase */,
				EB7CF0DD2B187968003929B8 /* FirebaseDatabaseSwift */,
				EB7CF0DF2B187968003929B8 /* FirebaseDynamicLinks */,
				EB7CF0E12B187968003929B8 /* FirebaseFirestore */,
				EB7CF0E32B187968003929B8 /* FirebaseFirestoreCombine-Community */,
				EB7CF0E52B187968003929B8 /* FirebaseFirestoreSwift */,
				EB7CF0E72B187968003929B8 /* FirebaseFunctions */,
				EB7CF0E92B187968003929B8 /* FirebaseFunctionsCombine-Community */,
				EB7CF0EB2B187968003929B8 /* FirebaseInAppMessaging-Beta */,
				EB7CF0ED2B187968003929B8 /* FirebaseInAppMessagingSwift-Beta */,
				EB7CF0EF2B187968003929B8 /* FirebaseInstallations */,
				EB7CF0F12B187968003929B8 /* FirebaseMLModelDownloader */,
				EB7CF0F32B187968003929B8 /* FirebaseMessaging */,
				EB7CF0F52B187968003929B8 /* FirebasePerformance */,
				EB7CF0F72B187968003929B8 /* FirebaseRemoteConfig */,
				EB7CF0F92B187968003929B8 /* FirebaseRemoteConfigSwift */,
				EB7CF0FB2B187968003929B8 /* FirebaseStorage */,
				EB7CF0FD2B187968003929B8 /* FirebaseStorageCombine-Community */,
			);
			productName = PriceWise;
			productReference = 7446D9C92B18596E00A6624A /* PriceWise.app */;
			productType = "com.apple.product-type.application";
		};
/* End PBXNativeTarget section */

/* Begin PBXProject section */
		7446D9C12B18596E00A6624A /* Project object */ = {
			isa = PBXProject;
			attributes = {
				BuildIndependentTargetsInParallel = 1;
				LastSwiftUpdateCheck = 1500;
				LastUpgradeCheck = 1500;
				TargetAttributes = {
					7446D9C82B18596E00A6624A = {
						CreatedOnToolsVersion = 15.0.1;
					};
				};
			};
			buildConfigurationList = 7446D9C42B18596E00A6624A /* Build configuration list for PBXProject "PriceWise" */;
			compatibilityVersion = "Xcode 14.0";
			developmentRegion = en;
			hasScannedForEncodings = 0;
			knownRegions = (
				en,
				Base,
			);
			mainGroup = 7446D9C02B18596E00A6624A;
			packageReferences = (
				EB7CF0C82B187968003929B8 /* XCRemoteSwiftPackageReference "firebase-ios-sdk" */,
			);
			productRefGroup = 7446D9CA2B18596E00A6624A /* Products */;
			projectDirPath = "";
			projectRoot = "";
			targets = (
				7446D9C82B18596E00A6624A /* PriceWise */,
			);
		};
/* End PBXProject section */

/* Begin PBXResourcesBuildPhase section */
		7446D9C72B18596E00A6624A /* Resources */ = {
			isa = PBXResourcesBuildPhase;
			buildActionMask = 2147483647;
			files = (
				7446D9D92B18597100A6624A /* LaunchScreen.storyboard in Resources */,
				EB7CF1002B187BA2003929B8 /* GoogleService-Info.plist in Resources */,
				7446D9D62B18597100A6624A /* Assets.xcassets in Resources */,
				7446D9D42B18596E00A6624A /* Main.storyboard in Resources */,
			);
			runOnlyForDeploymentPostprocessing = 0;
		};
/* End PBXResourcesBuildPhase section */

/* Begin PBXSourcesBuildPhase section */
		7446D9C52B18596E00A6624A /* Sources */ = {
			isa = PBXSourcesBuildPhase;
			buildActionMask = 2147483647;
			files = (
				747C45812B18A6E000C5EB5C /* ViewModels.swift in Sources */,
				EB7CF0C72B1862FA003929B8 /* Secondpage.swift in Sources */,
				747C457E2B18A60800C5EB5C /* PriceWiseVC.swift in Sources */,
				747C45852B18A75000C5EB5C /* Extensions.swift in Sources */,
				7446D9D12B18596E00A6624A /* ViewController.swift in Sources */,
				7446D9CD2B18596E00A6624A /* AppDelegate.swift in Sources */,
				7446D9CF2B18596E00A6624A /* SceneDelegate.swift in Sources */,
				747C45832B18A71E00C5EB5C /* Models.swift in Sources */,
			);
			runOnlyForDeploymentPostprocessing = 0;
		};
/* End PBXSourcesBuildPhase section */

/* Begin PBXVariantGroup section */
		7446D9D22B18596E00A6624A /* Main.storyboard */ = {
			isa = PBXVariantGroup;
			children = (
				7446D9D32B18596E00A6624A /* Base */,
			);
			name = Main.storyboard;
			sourceTree = "<group>";
		};
		7446D9D72B18597100A6624A /* LaunchScreen.storyboard */ = {
			isa = PBXVariantGroup;
			children = (
				7446D9D82B18597100A6624A /* Base */,
			);
			name = LaunchScreen.storyboard;
			sourceTree = "<group>";
		};
/* End PBXVariantGroup section */

/* Begin XCBuildConfiguration section */
		7446D9DB2B18597100A6624A /* Debug */ = {
			isa = XCBuildConfiguration;
			buildSettings = {
				ALWAYS_SEARCH_USER_PATHS = NO;
				ASSETCATALOG_COMPILER_GENERATE_SWIFT_ASSET_SYMBOL_EXTENSIONS = YES;
				CLANG_ANALYZER_NONNULL = YES;
				CLANG_ANALYZER_NUMBER_OBJECT_CONVERSION = YES_AGGRESSIVE;
				CLANG_CXX_LANGUAGE_STANDARD = "gnu++20";
				CLANG_ENABLE_MODULES = YES;
				CLANG_ENABLE_OBJC_ARC = YES;
				CLANG_ENABLE_OBJC_WEAK = YES;
				CLANG_WARN_BLOCK_CAPTURE_AUTORELEASING = YES;
				CLANG_WARN_BOOL_CONVERSION = YES;
				CLANG_WARN_COMMA = YES;
				CLANG_WARN_CONSTANT_CONVERSION = YES;
				CLANG_WARN_DEPRECATED_OBJC_IMPLEMENTATIONS = YES;
				CLANG_WARN_DIRECT_OBJC_ISA_USAGE = YES_ERROR;
				CLANG_WARN_DOCUMENTATION_COMMENTS = YES;
				CLANG_WARN_EMPTY_BODY = YES;
				CLANG_WARN_ENUM_CONVERSION = YES;
				CLANG_WARN_INFINITE_RECURSION = YES;
				CLANG_WARN_INT_CONVERSION = YES;
				CLANG_WARN_NON_LITERAL_NULL_CONVERSION = YES;
				CLANG_WARN_OBJC_IMPLICIT_RETAIN_SELF = YES;
				CLANG_WARN_OBJC_LITERAL_CONVERSION = YES;
				CLANG_WARN_OBJC_ROOT_CLASS = YES_ERROR;
				CLANG_WARN_QUOTED_INCLUDE_IN_FRAMEWORK_HEADER = YES;
				CLANG_WARN_RANGE_LOOP_ANALYSIS = YES;
				CLANG_WARN_STRICT_PROTOTYPES = YES;
				CLANG_WARN_SUSPICIOUS_MOVE = YES;
				CLANG_WARN_UNGUARDED_AVAILABILITY = YES_AGGRESSIVE;
				CLANG_WARN_UNREACHABLE_CODE = YES;
				CLANG_WARN__DUPLICATE_METHOD_MATCH = YES;
				COPY_PHASE_STRIP = NO;
				DEBUG_INFORMATION_FORMAT = dwarf;
				ENABLE_STRICT_OBJC_MSGSEND = YES;
				ENABLE_TESTABILITY = YES;
				ENABLE_USER_SCRIPT_SANDBOXING = YES;
				GCC_C_LANGUAGE_STANDARD = gnu17;
				GCC_DYNAMIC_NO_PIC = NO;
				GCC_NO_COMMON_BLOCKS = YES;
				GCC_OPTIMIZATION_LEVEL = 0;
				GCC_PREPROCESSOR_DEFINITIONS = (
					"DEBUG=1",
					"$(inherited)",
				);
				GCC_WARN_64_TO_32_BIT_CONVERSION = YES;
				GCC_WARN_ABOUT_RETURN_TYPE = YES_ERROR;
				GCC_WARN_UNDECLARED_SELECTOR = YES;
				GCC_WARN_UNINITIALIZED_AUTOS = YES_AGGRESSIVE;
				GCC_WARN_UNUSED_FUNCTION = YES;
				GCC_WARN_UNUSED_VARIABLE = YES;
				IPHONEOS_DEPLOYMENT_TARGET = 17.0;
				LOCALIZATION_PREFERS_STRING_CATALOGS = YES;
				MTL_ENABLE_DEBUG_INFO = INCLUDE_SOURCE;
				MTL_FAST_MATH = YES;
				ONLY_ACTIVE_ARCH = YES;
				SDKROOT = iphoneos;
				SWIFT_ACTIVE_COMPILATION_CONDITIONS = "DEBUG $(inherited)";
				SWIFT_OPTIMIZATION_LEVEL = "-Onone";
			};
			name = Debug;
		};
		7446D9DC2B18597100A6624A /* Release */ = {
			isa = XCBuildConfiguration;
			buildSettings = {
				ALWAYS_SEARCH_USER_PATHS = NO;
				ASSETCATALOG_COMPILER_GENERATE_SWIFT_ASSET_SYMBOL_EXTENSIONS = YES;
				CLANG_ANALYZER_NONNULL = YES;
				CLANG_ANALYZER_NUMBER_OBJECT_CONVERSION = YES_AGGRESSIVE;
				CLANG_CXX_LANGUAGE_STANDARD = "gnu++20";
				CLANG_ENABLE_MODULES = YES;
				CLANG_ENABLE_OBJC_ARC = YES;
				CLANG_ENABLE_OBJC_WEAK = YES;
				CLANG_WARN_BLOCK_CAPTURE_AUTORELEASING = YES;
				CLANG_WARN_BOOL_CONVERSION = YES;
				CLANG_WARN_COMMA = YES;
				CLANG_WARN_CONSTANT_CONVERSION = YES;
				CLANG_WARN_DEPRECATED_OBJC_IMPLEMENTATIONS = YES;
				CLANG_WARN_DIRECT_OBJC_ISA_USAGE = YES_ERROR;
				CLANG_WARN_DOCUMENTATION_COMMENTS = YES;
				CLANG_WARN_EMPTY_BODY = YES;
				CLANG_WARN_ENUM_CONVERSION = YES;
				CLANG_WARN_INFINITE_RECURSION = YES;
				CLANG_WARN_INT_CONVERSION = YES;
				CLANG_WARN_NON_LITERAL_NULL_CONVERSION = YES;
				CLANG_WARN_OBJC_IMPLICIT_RETAIN_SELF = YES;
				CLANG_WARN_OBJC_LITERAL_CONVERSION = YES;
				CLANG_WARN_OBJC_ROOT_CLASS = YES_ERROR;
				CLANG_WARN_QUOTED_INCLUDE_IN_FRAMEWORK_HEADER = YES;
				CLANG_WARN_RANGE_LOOP_ANALYSIS = YES;
				CLANG_WARN_STRICT_PROTOTYPES = YES;
				CLANG_WARN_SUSPICIOUS_MOVE = YES;
				CLANG_WARN_UNGUARDED_AVAILABILITY = YES_AGGRESSIVE;
				CLANG_WARN_UNREACHABLE_CODE = YES;
				CLANG_WARN__DUPLICATE_METHOD_MATCH = YES;
				COPY_PHASE_STRIP = NO;
				DEBUG_INFORMATION_FORMAT = "dwarf-with-dsym";
				ENABLE_NS_ASSERTIONS = NO;
				ENABLE_STRICT_OBJC_MSGSEND = YES;
				ENABLE_USER_SCRIPT_SANDBOXING = YES;
				GCC_C_LANGUAGE_STANDARD = gnu17;
				GCC_NO_COMMON_BLOCKS = YES;
				GCC_WARN_64_TO_32_BIT_CONVERSION = YES;
				GCC_WARN_ABOUT_RETURN_TYPE = YES_ERROR;
				GCC_WARN_UNDECLARED_SELECTOR = YES;
				GCC_WARN_UNINITIALIZED_AUTOS = YES_AGGRESSIVE;
				GCC_WARN_UNUSED_FUNCTION = YES;
				GCC_WARN_UNUSED_VARIABLE = YES;
				IPHONEOS_DEPLOYMENT_TARGET = 17.0;
				LOCALIZATION_PREFERS_STRING_CATALOGS = YES;
				MTL_ENABLE_DEBUG_INFO = NO;
				MTL_FAST_MATH = YES;
				SDKROOT = iphoneos;
				SWIFT_COMPILATION_MODE = wholemodule;
				VALIDATE_PRODUCT = YES;
			};
			name = Release;
		};
		7446D9DE2B18597100A6624A /* Debug */ = {
			isa = XCBuildConfiguration;
			buildSettings = {
				ASSETCATALOG_COMPILER_APPICON_NAME = AppIcon;
				ASSETCATALOG_COMPILER_GLOBAL_ACCENT_COLOR_NAME = AccentColor;
				CODE_SIGN_STYLE = Automatic;
				CURRENT_PROJECT_VERSION = 1;
				GENERATE_INFOPLIST_FILE = YES;
				INFOPLIST_FILE = PriceWise/Info.plist;
				INFOPLIST_KEY_UIApplicationSupportsIndirectInputEvents = YES;
				INFOPLIST_KEY_UILaunchStoryboardName = LaunchScreen;
				INFOPLIST_KEY_UIMainStoryboardFile = Main;
				INFOPLIST_KEY_UISupportedInterfaceOrientations_iPad = "UIInterfaceOrientationPortrait UIInterfaceOrientationPortraitUpsideDown UIInterfaceOrientationLandscapeLeft UIInterfaceOrientationLandscapeRight";
				INFOPLIST_KEY_UISupportedInterfaceOrientations_iPhone = "UIInterfaceOrientationPortrait UIInterfaceOrientationLandscapeLeft UIInterfaceOrientationLandscapeRight";
				LD_RUNPATH_SEARCH_PATHS = (
					"$(inherited)",
					"@executable_path/Frameworks",
				);
				MARKETING_VERSION = 1.0;
				PRODUCT_BUNDLE_IDENTIFIER = iOS.PriceWise;
				PRODUCT_NAME = "$(TARGET_NAME)";
				SWIFT_EMIT_LOC_STRINGS = YES;
				SWIFT_VERSION = 5.0;
				TARGETED_DEVICE_FAMILY = "1,2";
			};
			name = Debug;
		};
		7446D9DF2B18597100A6624A /* Release */ = {
			isa = XCBuildConfiguration;
			buildSettings = {
				ASSETCATALOG_COMPILER_APPICON_NAME = AppIcon;
				ASSETCATALOG_COMPILER_GLOBAL_ACCENT_COLOR_NAME = AccentColor;
				CODE_SIGN_STYLE = Automatic;
				CURRENT_PROJECT_VERSION = 1;
				GENERATE_INFOPLIST_FILE = YES;
				INFOPLIST_FILE = PriceWise/Info.plist;
				INFOPLIST_KEY_UIApplicationSupportsIndirectInputEvents = YES;
				INFOPLIST_KEY_UILaunchStoryboardName = LaunchScreen;
				INFOPLIST_KEY_UIMainStoryboardFile = Main;
				INFOPLIST_KEY_UISupportedInterfaceOrientations_iPad = "UIInterfaceOrientationPortrait UIInterfaceOrientationPortraitUpsideDown UIInterfaceOrientationLandscapeLeft UIInterfaceOrientationLandscapeRight";
				INFOPLIST_KEY_UISupportedInterfaceOrientations_iPhone = "UIInterfaceOrientationPortrait UIInterfaceOrientationLandscapeLeft UIInterfaceOrientationLandscapeRight";
				LD_RUNPATH_SEARCH_PATHS = (
					"$(inherited)",
					"@executable_path/Frameworks",
				);
				MARKETING_VERSION = 1.0;
				PRODUCT_BUNDLE_IDENTIFIER = iOS.PriceWise;
				PRODUCT_NAME = "$(TARGET_NAME)";
				SWIFT_EMIT_LOC_STRINGS = YES;
				SWIFT_VERSION = 5.0;
				TARGETED_DEVICE_FAMILY = "1,2";
			};
			name = Release;
		};
/* End XCBuildConfiguration section */

/* Begin XCConfigurationList section */
		7446D9C42B18596E00A6624A /* Build configuration list for PBXProject "PriceWise" */ = {
			isa = XCConfigurationList;
			buildConfigurations = (
				7446D9DB2B18597100A6624A /* Debug */,
				7446D9DC2B18597100A6624A /* Release */,
			);
			defaultConfigurationIsVisible = 0;
			defaultConfigurationName = Release;
		};
		7446D9DD2B18597100A6624A /* Build configuration list for PBXNativeTarget "PriceWise" */ = {
			isa = XCConfigurationList;
			buildConfigurations = (
				7446D9DE2B18597100A6624A /* Debug */,
				7446D9DF2B18597100A6624A /* Release */,
			);
			defaultConfigurationIsVisible = 0;
			defaultConfigurationName = Release;
		};
/* End XCConfigurationList section */

/* Begin XCRemoteSwiftPackageReference section */
		EB7CF0C82B187968003929B8 /* XCRemoteSwiftPackageReference "firebase-ios-sdk" */ = {
			isa = XCRemoteSwiftPackageReference;
			repositoryURL = "https://github.com/firebase/firebase-ios-sdk";
			requirement = {
				kind = upToNextMajorVersion;
				minimumVersion = 10.18.0;
			};
		};
/* End XCRemoteSwiftPackageReference section */

/* Begin XCSwiftPackageProductDependency section */
		EB7CF0C92B187968003929B8 /* FirebaseAnalytics */ = {
			isa = XCSwiftPackageProductDependency;
			package = EB7CF0C82B187968003929B8 /* XCRemoteSwiftPackageReference "firebase-ios-sdk" */;
			productName = FirebaseAnalytics;
		};
		EB7CF0CB2B187968003929B8 /* FirebaseAnalyticsOnDeviceConversion */ = {
			isa = XCSwiftPackageProductDependency;
			package = EB7CF0C82B187968003929B8 /* XCRemoteSwiftPackageReference "firebase-ios-sdk" */;
			productName = FirebaseAnalyticsOnDeviceConversion;
		};
		EB7CF0CD2B187968003929B8 /* FirebaseAnalyticsSwift */ = {
			isa = XCSwiftPackageProductDependency;
			package = EB7CF0C82B187968003929B8 /* XCRemoteSwiftPackageReference "firebase-ios-sdk" */;
			productName = FirebaseAnalyticsSwift;
		};
		EB7CF0CF2B187968003929B8 /* FirebaseAnalyticsWithoutAdIdSupport */ = {
			isa = XCSwiftPackageProductDependency;
			package = EB7CF0C82B187968003929B8 /* XCRemoteSwiftPackageReference "firebase-ios-sdk" */;
			productName = FirebaseAnalyticsWithoutAdIdSupport;
		};
		EB7CF0D12B187968003929B8 /* FirebaseAppCheck */ = {
			isa = XCSwiftPackageProductDependency;
			package = EB7CF0C82B187968003929B8 /* XCRemoteSwiftPackageReference "firebase-ios-sdk" */;
			productName = FirebaseAppCheck;
		};
		EB7CF0D32B187968003929B8 /* FirebaseAppDistribution-Beta */ = {
			isa = XCSwiftPackageProductDependency;
			package = EB7CF0C82B187968003929B8 /* XCRemoteSwiftPackageReference "firebase-ios-sdk" */;
			productName = "FirebaseAppDistribution-Beta";
		};
		EB7CF0D52B187968003929B8 /* FirebaseAuth */ = {
			isa = XCSwiftPackageProductDependency;
			package = EB7CF0C82B187968003929B8 /* XCRemoteSwiftPackageReference "firebase-ios-sdk" */;
			productName = FirebaseAuth;
		};
		EB7CF0D72B187968003929B8 /* FirebaseAuthCombine-Community */ = {
			isa = XCSwiftPackageProductDependency;
			package = EB7CF0C82B187968003929B8 /* XCRemoteSwiftPackageReference "firebase-ios-sdk" */;
			productName = "FirebaseAuthCombine-Community";
		};
		EB7CF0D92B187968003929B8 /* FirebaseCrashlytics */ = {
			isa = XCSwiftPackageProductDependency;
			package = EB7CF0C82B187968003929B8 /* XCRemoteSwiftPackageReference "firebase-ios-sdk" */;
			productName = FirebaseCrashlytics;
		};
		EB7CF0DB2B187968003929B8 /* FirebaseDatabase */ = {
			isa = XCSwiftPackageProductDependency;
			package = EB7CF0C82B187968003929B8 /* XCRemoteSwiftPackageReference "firebase-ios-sdk" */;
			productName = FirebaseDatabase;
		};
		EB7CF0DD2B187968003929B8 /* FirebaseDatabaseSwift */ = {
			isa = XCSwiftPackageProductDependency;
			package = EB7CF0C82B187968003929B8 /* XCRemoteSwiftPackageReference "firebase-ios-sdk" */;
			productName = FirebaseDatabaseSwift;
		};
		EB7CF0DF2B187968003929B8 /* FirebaseDynamicLinks */ = {
			isa = XCSwiftPackageProductDependency;
			package = EB7CF0C82B187968003929B8 /* XCRemoteSwiftPackageReference "firebase-ios-sdk" */;
			productName = FirebaseDynamicLinks;
		};
		EB7CF0E12B187968003929B8 /* FirebaseFirestore */ = {
			isa = XCSwiftPackageProductDependency;
			package = EB7CF0C82B187968003929B8 /* XCRemoteSwiftPackageReference "firebase-ios-sdk" */;
			productName = FirebaseFirestore;
		};
		EB7CF0E32B187968003929B8 /* FirebaseFirestoreCombine-Community */ = {
			isa = XCSwiftPackageProductDependency;
			package = EB7CF0C82B187968003929B8 /* XCRemoteSwiftPackageReference "firebase-ios-sdk" */;
			productName = "FirebaseFirestoreCombine-Community";
		};
		EB7CF0E52B187968003929B8 /* FirebaseFirestoreSwift */ = {
			isa = XCSwiftPackageProductDependency;
			package = EB7CF0C82B187968003929B8 /* XCRemoteSwiftPackageReference "firebase-ios-sdk" */;
			productName = FirebaseFirestoreSwift;
		};
		EB7CF0E72B187968003929B8 /* FirebaseFunctions */ = {
			isa = XCSwiftPackageProductDependency;
			package = EB7CF0C82B187968003929B8 /* XCRemoteSwiftPackageReference "firebase-ios-sdk" */;
			productName = FirebaseFunctions;
		};
		EB7CF0E92B187968003929B8 /* FirebaseFunctionsCombine-Community */ = {
			isa = XCSwiftPackageProductDependency;
			package = EB7CF0C82B187968003929B8 /* XCRemoteSwiftPackageReference "firebase-ios-sdk" */;
			productName = "FirebaseFunctionsCombine-Community";
		};
		EB7CF0EB2B187968003929B8 /* FirebaseInAppMessaging-Beta */ = {
			isa = XCSwiftPackageProductDependency;
			package = EB7CF0C82B187968003929B8 /* XCRemoteSwiftPackageReference "firebase-ios-sdk" */;
			productName = "FirebaseInAppMessaging-Beta";
		};
		EB7CF0ED2B187968003929B8 /* FirebaseInAppMessagingSwift-Beta */ = {
			isa = XCSwiftPackageProductDependency;
			package = EB7CF0C82B187968003929B8 /* XCRemoteSwiftPackageReference "firebase-ios-sdk" */;
			productName = "FirebaseInAppMessagingSwift-Beta";
		};
		EB7CF0EF2B187968003929B8 /* FirebaseInstallations */ = {
			isa = XCSwiftPackageProductDependency;
			package = EB7CF0C82B187968003929B8 /* XCRemoteSwiftPackageReference "firebase-ios-sdk" */;
			productName = FirebaseInstallations;
		};
		EB7CF0F12B187968003929B8 /* FirebaseMLModelDownloader */ = {
			isa = XCSwiftPackageProductDependency;
			package = EB7CF0C82B187968003929B8 /* XCRemoteSwiftPackageReference "firebase-ios-sdk" */;
			productName = FirebaseMLModelDownloader;
		};
		EB7CF0F32B187968003929B8 /* FirebaseMessaging */ = {
			isa = XCSwiftPackageProductDependency;
			package = EB7CF0C82B187968003929B8 /* XCRemoteSwiftPackageReference "firebase-ios-sdk" */;
			productName = FirebaseMessaging;
		};
		EB7CF0F52B187968003929B8 /* FirebasePerformance */ = {
			isa = XCSwiftPackageProductDependency;
			package = EB7CF0C82B187968003929B8 /* XCRemoteSwiftPackageReference "firebase-ios-sdk" */;
			productName = FirebasePerformance;
		};
		EB7CF0F72B187968003929B8 /* FirebaseRemoteConfig */ = {
			isa = XCSwiftPackageProductDependency;
			package = EB7CF0C82B187968003929B8 /* XCRemoteSwiftPackageReference "firebase-ios-sdk" */;
			productName = FirebaseRemoteConfig;
		};
		EB7CF0F92B187968003929B8 /* FirebaseRemoteConfigSwift */ = {
			isa = XCSwiftPackageProductDependency;
			package = EB7CF0C82B187968003929B8 /* XCRemoteSwiftPackageReference "firebase-ios-sdk" */;
			productName = FirebaseRemoteConfigSwift;
		};
		EB7CF0FB2B187968003929B8 /* FirebaseStorage */ = {
			isa = XCSwiftPackageProductDependency;
			package = EB7CF0C82B187968003929B8 /* XCRemoteSwiftPackageReference "firebase-ios-sdk" */;
			productName = FirebaseStorage;
		};
		EB7CF0FD2B187968003929B8 /* FirebaseStorageCombine-Community */ = {
			isa = XCSwiftPackageProductDependency;
			package = EB7CF0C82B187968003929B8 /* XCRemoteSwiftPackageReference "firebase-ios-sdk" */;
			productName = "FirebaseStorageCombine-Community";
		};
/* End XCSwiftPackageProductDependency section */
	};
	rootObject = 7446D9C12B18596E00A6624A /* Project object */;
}
